
Microsoft Visual Studio Solution File, Format Version 10.00
# Visual Studio 2008
Project("{8BC9CEB8-8B4A-11D0-8D11-00A0C91BC942}") = "BOT-Server-Lite", "BOT-Server-Lite\BOT-Server-Lite.vcproj", "{89E1D67B-5FC0-4897-9380-40701CCC2ED4}"
EndProject
Project("{8BC9CEB8-8B4A-11D0-8D11-00A0C91BC942}") = "SqlWrapper_Tester", "..\SqlWrapper_Tester\SqlWrapper_Tester.vcproj", "{EF275C80-002D-4B78-9D3C-47CC2140ABFA}"
EndProject
Project("{8BC9CEB8-8B4A-11D0-8D11-00A0C91BC942}") = "UDPServer_Simple", "..\UDPServer_Simple\UDPServer_Simple.vcproj", "{614A2C53-26A5-43C2-85C8-4520DD992D00}"
EndProject
Global
	GlobalSection(SolutionConfigurationPlatforms) = preSolution
		Debug|Win32 = Debug|Win32
		Debug|x64 = Debug|x64
		Release|Win32 = Release|Win32
		Release|x64 = Release|x64
	EndGlobalSection
	GlobalSection(ProjectConfigurationPlatforms) = postSolution
		{89E1D67B-5FC0-4897-9380-40701CCC2ED4}.Debug|Win32.ActiveCfg = Debug|Win32
		{89E1D67B-5FC0-4897-9380-40701CCC2ED4}.Debug|Win32.Build.0 = Debug|Win32
		{89E1D67B-5FC0-4897-9380-40701CCC2ED4}.Debug|x64.ActiveCfg = Debug|x64
		{89E1D67B-5FC0-4897-9380-40701CCC2ED4}.Debug|x64.Build.0 = Debug|x64
		{89E1D67B-5FC0-4897-9380-40701CCC2ED4}.Release|Win32.ActiveCfg = Release|Win32
		{89E1D67B-5FC0-4897-9380-40701CCC2ED4}.Release|Win32.Build.0 = Release|Win32
		{89E1D67B-5FC0-4897-9380-40701CCC2ED4}.Release|x64.ActiveCfg = Release|x64
		{89E1D67B-5FC0-4897-9380-40701CCC2ED4}.Release|x64.Build.0 = Release|x64
		{EF275C80-002D-4B78-9D3C-47CC2140ABFA}.Debug|Win32.ActiveCfg = Debug|Win32
		{EF275C80-002D-4B78-9D3C-47CC2140ABFA}.Debug|Win32.Build.0 = Debug|Win32
		{EF275C80-002D-4B78-9D3C-47CC2140ABFA}.Debug|x64.ActiveCfg = Debug|x64
		{EF275C80-002D-4B78-9D3C-47CC2140ABFA}.Debug|x64.Build.0 = Debug|x64
		{EF275C80-002D-4B78-9D3C-47CC2140ABFA}.Release|Win32.ActiveCfg = Release|Win32
		{EF275C80-002D-4B78-9D3C-47CC2140ABFA}.Release|Win32.Build.0 = Release|Win32
		{EF275C80-002D-4B78-9D3C-47CC2140ABFA}.Release|x64.ActiveCfg = Release|x64
		{EF275C80-002D-4B78-9D3C-47CC2140ABFA}.Release|x64.Build.0 = Release|x64
		{614A2C53-26A5-43C2-85C8-4520DD992D00}.Debug|Win32.ActiveCfg = Debug|Win32
		{614A2C53-26A5-43C2-85C8-4520DD992D00}.Debug|Win32.Build.0 = Debug|Win32
		{614A2C53-26A5-43C2-85C8-4520DD992D00}.Debug|x64.ActiveCfg = Debug|x64
		{614A2C53-26A5-43C2-85C8-4520DD992D00}.Debug|x64.Build.0 = Debug|x64
		{614A2C53-26A5-43C2-85C8-4520DD992D00}.Release|Win32.ActiveCfg = Release|Win32
		{614A2C53-26A5-43C2-85C8-4520DD992D00}.Release|Win32.Build.0 = Release|Win32
		{614A2C53-26A5-43C2-85C8-4520DD992D00}.Release|x64.ActiveCfg = Release|x64
		{614A2C53-26A5-43C2-85C8-4520DD992D00}.Release|x64.Build.0 = Release|x64
	EndGlobalSection
	GlobalSection(SolutionProperties) = preSolution
		HideSolutionNode = FALSE
	EndGlobalSection
EndGlobal
